
Microsoft Visual Studio Solution File, Format Version 12.00
# Visual Studio Version 16
VisualStudioVersion = 25.0.1706.2
MinimumVisualStudioVersion = 10.0.40219.1
Project("{FAE04EC0-301F-11D3-BF4B-00C04F79EFBC}") = "GpsSync", "GpsSync\GpsSync.csproj", "{B67662BB-6C59-4AD1-8A12-995C48DF4231}"
EndProject
Project("{2150E333-8FDC-42A3-9474-1A3956D46DE8}") = "Solution Items", "Solution Items", "{1E8201ED-3572-4217-BAF7-140F3AC82E87}"
	ProjectSection(SolutionItems) = preProject
		README.md = README.md
	EndProjectSection
EndProject
Global
	GlobalSection(SolutionConfigurationPlatforms) = preSolution
		Debug|Any CPU = Debug|Any CPU
		Release|Any CPU = Release|Any CPU
	EndGlobalSection
	GlobalSection(ProjectConfigurationPlatforms) = postSolution
		{B67662BB-6C59-4AD1-8A12-995C48DF4231}.Debug|Any CPU.ActiveCfg = Debug|Any CPU
		{B67662BB-6C59-4AD1-8A12-995C48DF4231}.Debug|Any CPU.Build.0 = Debug|Any CPU
		{B67662BB-6C59-4AD1-8A12-995C48DF4231}.Release|Any CPU.ActiveCfg = Release|Any CPU
		{B67662BB-6C59-4AD1-8A12-995C48DF4231}.Release|Any CPU.Build.0 = Release|Any CPU
	EndGlobalSection
	GlobalSection(SolutionProperties) = preSolution
		HideSolutionNode = FALSE
	EndGlobalSection
	GlobalSection(ExtensibilityGlobals) = postSolution
		SolutionGuid = {2A9257DE-8E15-4691-A892-73C2FB7C4FF1}
	EndGlobalSection
EndGlobal
